PODS:
  - ChameleonFramework/Default (2.1.0)
  - ChameleonFramework/Swift (2.1.0):
    - ChameleonFramework/Default

DEPENDENCIES:
  - ChameleonFramework/Swift

SPEC REPOS:
  trunk:
    - ChameleonFramework

SPEC CHECKSUMS:
  ChameleonFramework: d21a3cc247abfe5e37609a283a8238b03575cf64

PODFILE CHECKSUM: 61fc01ff96625ef7b98b69eda8a875a64e013502

COCOAPODS: 1.14.3
